
Microsoft Visual Studio Solution File, Format Version 12.00
# Visual Studio Version 17
VisualStudioVersion = 17.1.32210.238
MinimumVisualStudioVersion = 10.0.40219.1
Project("{9A19103F-16F7-4668-BE54-9A1E7A4F7556}") = "SerializeLibrary", "SerializeLibrary\SerializeLibrary.csproj", "{535FB99B-5B71-4564-8562-09D1E7906A99}"
EndProject
Project("{9A19103F-16F7-4668-BE54-9A1E7A4F7556}") = "Test", "Test\Test.csproj", "{F9652DEC-71D4-4581-8B55-A50FF2CC44DC}"
EndProject
Project("{9A19103F-16F7-4668-BE54-9A1E7A4F7556}") = "Serialization.Abstractions", "..\Serialization.Abstractions\Serialization.Abstractions.csproj", "{1FEC3099-BE1A-4D86-800D-966367BA078C}"
EndProject
Global
	GlobalSection(SolutionConfigurationPlatforms) = preSolution
		Debug|Any CPU = Debug|Any CPU
		Release|Any CPU = Release|Any CPU
	EndGlobalSection
	GlobalSection(ProjectConfigurationPlatforms) = postSolution
		{535FB99B-5B71-4564-8562-09D1E7906A99}.Debug|Any CPU.ActiveCfg = Debug|Any CPU
		{535FB99B-5B71-4564-8562-09D1E7906A99}.Debug|Any CPU.Build.0 = Debug|Any CPU
		{535FB99B-5B71-4564-8562-09D1E7906A99}.Release|Any CPU.ActiveCfg = Release|Any CPU
		{535FB99B-5B71-4564-8562-09D1E7906A99}.Release|Any CPU.Build.0 = Release|Any CPU
		{F9652DEC-71D4-4581-8B55-A50FF2CC44DC}.Debug|Any CPU.ActiveCfg = Debug|Any CPU
		{F9652DEC-71D4-4581-8B55-A50FF2CC44DC}.Debug|Any CPU.Build.0 = Debug|Any CPU
		{F9652DEC-71D4-4581-8B55-A50FF2CC44DC}.Release|Any CPU.ActiveCfg = Release|Any CPU
		{F9652DEC-71D4-4581-8B55-A50FF2CC44DC}.Release|Any CPU.Build.0 = Release|Any CPU
		{1FEC3099-BE1A-4D86-800D-966367BA078C}.Debug|Any CPU.ActiveCfg = Debug|Any CPU
		{1FEC3099-BE1A-4D86-800D-966367BA078C}.Debug|Any CPU.Build.0 = Debug|Any CPU
		{1FEC3099-BE1A-4D86-800D-966367BA078C}.Release|Any CPU.ActiveCfg = Release|Any CPU
		{1FEC3099-BE1A-4D86-800D-966367BA078C}.Release|Any CPU.Build.0 = Release|Any CPU
	EndGlobalSection
	GlobalSection(SolutionProperties) = preSolution
		HideSolutionNode = FALSE
	EndGlobalSection
	GlobalSection(ExtensibilityGlobals) = postSolution
		SolutionGuid = {547C948B-D638-4878-9EE7-05D6A4C15F3C}
	EndGlobalSection
EndGlobal
