
Microsoft Visual Studio Solution File, Format Version 12.00
# Visual Studio Version 17
VisualStudioVersion = 17.3.32819.101
MinimumVisualStudioVersion = 10.0.40219.1
Project("{FAE04EC0-301F-11D3-BF4B-00C04F79EFBC}") = "Core", "Core\Core.csproj", "{53A68CDF-4E34-4ED0-A5FD-DC6B8B6D3C08}"
EndProject
Project("{FAE04EC0-301F-11D3-BF4B-00C04F79EFBC}") = "Tests", "Tests\Tests.csproj", "{568AFB7D-37EB-42CE-95D2-0ADF6A58DAAE}"
EndProject
Project("{FAE04EC0-301F-11D3-BF4B-00C04F79EFBC}") = "ConsoleApp1", "ConsoleApp1\ConsoleApp1.csproj", "{68BD63A7-1D56-43B0-AE50-DE63BEEB7D5F}"
EndProject
Global
	GlobalSection(SolutionConfigurationPlatforms) = preSolution
		Debug|Any CPU = Debug|Any CPU
		Release|Any CPU = Release|Any CPU
	EndGlobalSection
	GlobalSection(ProjectConfigurationPlatforms) = postSolution
		{53A68CDF-4E34-4ED0-A5FD-DC6B8B6D3C08}.Debug|Any CPU.ActiveCfg = Debug|Any CPU
		{53A68CDF-4E34-4ED0-A5FD-DC6B8B6D3C08}.Debug|Any CPU.Build.0 = Debug|Any CPU
		{53A68CDF-4E34-4ED0-A5FD-DC6B8B6D3C08}.Release|Any CPU.ActiveCfg = Release|Any CPU
		{53A68CDF-4E34-4ED0-A5FD-DC6B8B6D3C08}.Release|Any CPU.Build.0 = Release|Any CPU
		{568AFB7D-37EB-42CE-95D2-0ADF6A58DAAE}.Debug|Any CPU.ActiveCfg = Debug|Any CPU
		{568AFB7D-37EB-42CE-95D2-0ADF6A58DAAE}.Debug|Any CPU.Build.0 = Debug|Any CPU
		{568AFB7D-37EB-42CE-95D2-0ADF6A58DAAE}.Release|Any CPU.ActiveCfg = Release|Any CPU
		{568AFB7D-37EB-42CE-95D2-0ADF6A58DAAE}.Release|Any CPU.Build.0 = Release|Any CPU
		{68BD63A7-1D56-43B0-AE50-DE63BEEB7D5F}.Debug|Any CPU.ActiveCfg = Debug|Any CPU
		{68BD63A7-1D56-43B0-AE50-DE63BEEB7D5F}.Debug|Any CPU.Build.0 = Debug|Any CPU
		{68BD63A7-1D56-43B0-AE50-DE63BEEB7D5F}.Release|Any CPU.ActiveCfg = Release|Any CPU
		{68BD63A7-1D56-43B0-AE50-DE63BEEB7D5F}.Release|Any CPU.Build.0 = Release|Any CPU
	EndGlobalSection
	GlobalSection(SolutionProperties) = preSolution
		HideSolutionNode = FALSE
	EndGlobalSection
	GlobalSection(ExtensibilityGlobals) = postSolution
		SolutionGuid = {BF2A14CC-75CA-413E-A6E9-09F2005C3CAF}
	EndGlobalSection
EndGlobal
